
Microsoft Visual Studio Solution File, Format Version 12.00
# Visual Studio Version 17
VisualStudioVersion = 17.2.32616.157
MinimumVisualStudioVersion = 10.0.40219.1
Project("{FAE04EC0-301F-11D3-BF4B-00C04F79EFBC}") = "BankEncapsulation", "BankEncapsulation\BankEncapsulation.csproj", "{D109F4CE-DFC6-4A0C-AFFB-60E654EF9C86}"
EndProject
Global
	GlobalSection(SolutionConfigurationPlatforms) = preSolution
		Debug|Any CPU = Debug|Any CPU
		Release|Any CPU = Release|Any CPU
	EndGlobalSection
	GlobalSection(ProjectConfigurationPlatforms) = postSolution
		{D109F4CE-DFC6-4A0C-AFFB-60E654EF9C86}.Debug|Any CPU.ActiveCfg = Debug|Any CPU
		{D109F4CE-DFC6-4A0C-AFFB-60E654EF9C86}.Debug|Any CPU.Build.0 = Debug|Any CPU
		{D109F4CE-DFC6-4A0C-AFFB-60E654EF9C86}.Release|Any CPU.ActiveCfg = Release|Any CPU
		{D109F4CE-DFC6-4A0C-AFFB-60E654EF9C86}.Release|Any CPU.Build.0 = Release|Any CPU
	EndGlobalSection
	GlobalSection(SolutionProperties) = preSolution
		HideSolutionNode = FALSE
	EndGlobalSection
	GlobalSection(ExtensibilityGlobals) = postSolution
		SolutionGuid = {695E0163-0EE5-4388-99A5-6D323274DEF3}
	EndGlobalSection
EndGlobal
